
Microsoft Visual Studio Solution File, Format Version 12.00
# Visual Studio Version 17
VisualStudioVersion = 17.7.34024.191
MinimumVisualStudioVersion = 10.0.40219.1
Project("{8BC9CEB8-8B4A-11D0-8D11-00A0C91BC942}") = "homework-5-8-2", "homework-5-8-2\homework-5-8-2.vcxproj", "{1C8A5590-1609-4C82-915C-D0368129822D}"
EndProject
Global
	GlobalSection(SolutionConfigurationPlatforms) = preSolution
		Debug|x64 = Debug|x64
		Debug|x86 = Debug|x86
		Release|x64 = Release|x64
		Release|x86 = Release|x86
	EndGlobalSection
	GlobalSection(ProjectConfigurationPlatforms) = postSolution
		{1C8A5590-1609-4C82-915C-D0368129822D}.Debug|x64.ActiveCfg = Debug|x64
		{1C8A5590-1609-4C82-915C-D0368129822D}.Debug|x64.Build.0 = Debug|x64
		{1C8A5590-1609-4C82-915C-D0368129822D}.Debug|x86.ActiveCfg = Debug|Win32
		{1C8A5590-1609-4C82-915C-D0368129822D}.Debug|x86.Build.0 = Debug|Win32
		{1C8A5590-1609-4C82-915C-D0368129822D}.Release|x64.ActiveCfg = Release|x64
		{1C8A5590-1609-4C82-915C-D0368129822D}.Release|x64.Build.0 = Release|x64
		{1C8A5590-1609-4C82-915C-D0368129822D}.Release|x86.ActiveCfg = Release|Win32
		{1C8A5590-1609-4C82-915C-D0368129822D}.Release|x86.Build.0 = Release|Win32
	EndGlobalSection
	GlobalSection(SolutionProperties) = preSolution
		HideSolutionNode = FALSE
	EndGlobalSection
	GlobalSection(ExtensibilityGlobals) = postSolution
		SolutionGuid = {275D8B06-F1C1-4AF5-AA4B-AB9F7E57A866}
	EndGlobalSection
EndGlobal
