
Microsoft Visual Studio Solution File, Format Version 12.00
# Visual Studio Version 17
VisualStudioVersion = 17.7.34024.191
MinimumVisualStudioVersion = 10.0.40219.1
Project("{8BC9CEB8-8B4A-11D0-8D11-00A0C91BC942}") = "homework 4-6-1", "homework 4-6-1\homework 4-6-1.vcxproj", "{DC591589-61FE-4155-BD72-659B17120ADD}"
EndProject
Global
	GlobalSection(SolutionConfigurationPlatforms) = preSolution
		Debug|x64 = Debug|x64
		Debug|x86 = Debug|x86
		Release|x64 = Release|x64
		Release|x86 = Release|x86
	EndGlobalSection
	GlobalSection(ProjectConfigurationPlatforms) = postSolution
		{DC591589-61FE-4155-BD72-659B17120ADD}.Debug|x64.ActiveCfg = Debug|x64
		{DC591589-61FE-4155-BD72-659B17120ADD}.Debug|x64.Build.0 = Debug|x64
		{DC591589-61FE-4155-BD72-659B17120ADD}.Debug|x86.ActiveCfg = Debug|Win32
		{DC591589-61FE-4155-BD72-659B17120ADD}.Debug|x86.Build.0 = Debug|Win32
		{DC591589-61FE-4155-BD72-659B17120ADD}.Release|x64.ActiveCfg = Release|x64
		{DC591589-61FE-4155-BD72-659B17120ADD}.Release|x64.Build.0 = Release|x64
		{DC591589-61FE-4155-BD72-659B17120ADD}.Release|x86.ActiveCfg = Release|Win32
		{DC591589-61FE-4155-BD72-659B17120ADD}.Release|x86.Build.0 = Release|Win32
	EndGlobalSection
	GlobalSection(SolutionProperties) = preSolution
		HideSolutionNode = FALSE
	EndGlobalSection
	GlobalSection(ExtensibilityGlobals) = postSolution
		SolutionGuid = {A136F90F-8000-4335-872B-CA435C89E163}
	EndGlobalSection
EndGlobal
