
Microsoft Visual Studio Solution File, Format Version 12.00
# Visual Studio Version 17
VisualStudioVersion = 17.7.34024.191
MinimumVisualStudioVersion = 10.0.40219.1
Project("{8BC9CEB8-8B4A-11D0-8D11-00A0C91BC942}") = "homework 4.1-2", "homework 4.1-2\homework 4.1-2.vcxproj", "{A60C58FF-B276-4367-AB5F-A09F2D07073A}"
EndProject
Global
	GlobalSection(SolutionConfigurationPlatforms) = preSolution
		Debug|x64 = Debug|x64
		Debug|x86 = Debug|x86
		Release|x64 = Release|x64
		Release|x86 = Release|x86
	EndGlobalSection
	GlobalSection(ProjectConfigurationPlatforms) = postSolution
		{A60C58FF-B276-4367-AB5F-A09F2D07073A}.Debug|x64.ActiveCfg = Debug|x64
		{A60C58FF-B276-4367-AB5F-A09F2D07073A}.Debug|x64.Build.0 = Debug|x64
		{A60C58FF-B276-4367-AB5F-A09F2D07073A}.Debug|x86.ActiveCfg = Debug|Win32
		{A60C58FF-B276-4367-AB5F-A09F2D07073A}.Debug|x86.Build.0 = Debug|Win32
		{A60C58FF-B276-4367-AB5F-A09F2D07073A}.Release|x64.ActiveCfg = Release|x64
		{A60C58FF-B276-4367-AB5F-A09F2D07073A}.Release|x64.Build.0 = Release|x64
		{A60C58FF-B276-4367-AB5F-A09F2D07073A}.Release|x86.ActiveCfg = Release|Win32
		{A60C58FF-B276-4367-AB5F-A09F2D07073A}.Release|x86.Build.0 = Release|Win32
	EndGlobalSection
	GlobalSection(SolutionProperties) = preSolution
		HideSolutionNode = FALSE
	EndGlobalSection
	GlobalSection(ExtensibilityGlobals) = postSolution
		SolutionGuid = {1936AB47-FE6F-4367-B3FE-0E1B1BDC9DE6}
	EndGlobalSection
EndGlobal
